
Microsoft Visual Studio Solution File, Format Version 12.00
# Visual Studio Version 17
VisualStudioVersion = 17.0.31912.275
MinimumVisualStudioVersion = 10.0.40219.1
Project("{8BC9CEB8-8B4A-11D0-8D11-00A0C91BC942}") = "IndexTree", "IndexTree\IndexTree.vcxproj", "{DFDF0B01-F171-4EE1-95B4-B6B4285C3C1A}"
EndProject
Global
	GlobalSection(SolutionConfigurationPlatforms) = preSolution
		Debug|x64 = Debug|x64
		Debug|x86 = Debug|x86
		Release|x64 = Release|x64
		Release|x86 = Release|x86
	EndGlobalSection
	GlobalSection(ProjectConfigurationPlatforms) = postSolution
		{DFDF0B01-F171-4EE1-95B4-B6B4285C3C1A}.Debug|x64.ActiveCfg = Debug|x64
		{DFDF0B01-F171-4EE1-95B4-B6B4285C3C1A}.Debug|x64.Build.0 = Debug|x64
		{DFDF0B01-F171-4EE1-95B4-B6B4285C3C1A}.Debug|x86.ActiveCfg = Debug|Win32
		{DFDF0B01-F171-4EE1-95B4-B6B4285C3C1A}.Debug|x86.Build.0 = Debug|Win32
		{DFDF0B01-F171-4EE1-95B4-B6B4285C3C1A}.Release|x64.ActiveCfg = Release|x64
		{DFDF0B01-F171-4EE1-95B4-B6B4285C3C1A}.Release|x64.Build.0 = Release|x64
		{DFDF0B01-F171-4EE1-95B4-B6B4285C3C1A}.Release|x86.ActiveCfg = Release|Win32
		{DFDF0B01-F171-4EE1-95B4-B6B4285C3C1A}.Release|x86.Build.0 = Release|Win32
	EndGlobalSection
	GlobalSection(SolutionProperties) = preSolution
		HideSolutionNode = FALSE
	EndGlobalSection
	GlobalSection(ExtensibilityGlobals) = postSolution
		SolutionGuid = {E7CA4EA6-C54B-469F-90F3-AB44FDA81B38}
	EndGlobalSection
EndGlobal
